
Microsoft Visual Studio Solution File, Format Version 12.00
# Visual Studio Version 17
VisualStudioVersion = 17.3.32811.315
MinimumVisualStudioVersion = 10.0.40219.1
Project("{FAE04EC0-301F-11D3-BF4B-00C04F79EFBC}") = "SistemaJogadoresFutebol", "SistemaJogadoresFutebol\SistemaJogadoresFutebol.csproj", "{0129F084-2E1C-4836-9410-F383A945BE7A}"
EndProject
Global
	GlobalSection(SolutionConfigurationPlatforms) = preSolution
		Debug|Any CPU = Debug|Any CPU
		Release|Any CPU = Release|Any CPU
	EndGlobalSection
	GlobalSection(ProjectConfigurationPlatforms) = postSolution
		{0129F084-2E1C-4836-9410-F383A945BE7A}.Debug|Any CPU.ActiveCfg = Debug|Any CPU
		{0129F084-2E1C-4836-9410-F383A945BE7A}.Debug|Any CPU.Build.0 = Debug|Any CPU
		{0129F084-2E1C-4836-9410-F383A945BE7A}.Release|Any CPU.ActiveCfg = Release|Any CPU
		{0129F084-2E1C-4836-9410-F383A945BE7A}.Release|Any CPU.Build.0 = Release|Any CPU
	EndGlobalSection
	GlobalSection(SolutionProperties) = preSolution
		HideSolutionNode = FALSE
	EndGlobalSection
	GlobalSection(ExtensibilityGlobals) = postSolution
		SolutionGuid = {0368F90A-5D60-435D-BBAD-0ABBF37BD76D}
	EndGlobalSection
EndGlobal
